
Microsoft Visual Studio Solution File, Format Version 12.00
# Visual Studio Version 17
VisualStudioVersion = 17.5.002.0
MinimumVisualStudioVersion = 10.0.40219.1
Project("{2150E333-8FDC-42A3-9474-1A3956D46DE8}") = "Day1", "Day1", "{607F1114-59D2-4828-925F-1E8F8B1D240A}"
EndProject
Project("{9A19103F-16F7-4668-BE54-9A1E7A4F7556}") = "Puzzel1", "Day1\Puzzel1\Puzzel1.csproj", "{42D46627-9678-4B09-9B86-2763B7A27EE3}"
EndProject
Project("{9A19103F-16F7-4668-BE54-9A1E7A4F7556}") = "Puzzel2", "Day1\Puzzel2\Puzzel2.csproj", "{466FC4CF-43C0-44D3-B53A-AD3A865A5112}"
EndProject
Project("{2150E333-8FDC-42A3-9474-1A3956D46DE8}") = "Day2", "Day2", "{C31DDC31-4E9D-42B3-93BB-81D131C1DB3F}"
EndProject
Project("{FAE04EC0-301F-11D3-BF4B-00C04F79EFBC}") = "Day2Puzzel1", "Day2\Puzzel1\Day2Puzzel1.csproj", "{4022B861-77BC-423F-93AB-2BC75399E30D}"
EndProject
Project("{2150E333-8FDC-42A3-9474-1A3956D46DE8}") = "Day3", "Day3", "{8D5CFBC5-BD2D-4D9A-83E4-D143207DC8C6}"
EndProject
Project("{FAE04EC0-301F-11D3-BF4B-00C04F79EFBC}") = "Day3Puzzel1", "Day3\Puzzel1\Day3Puzzel1.csproj", "{78061D71-8768-4892-83FF-97FFDAE7C5E5}"
EndProject
Project("{FAE04EC0-301F-11D3-BF4B-00C04F79EFBC}") = "Day3Puzzel2", "Day3\Puzzel2\Day3Puzzel2.csproj", "{F70691E7-EBB1-4A9C-B1D8-04F16136521C}"
EndProject
Project("{2150E333-8FDC-42A3-9474-1A3956D46DE8}") = "Day4", "Day4", "{0D599CC3-FE51-4659-9C43-38FDD999D05D}"
EndProject
Project("{FAE04EC0-301F-11D3-BF4B-00C04F79EFBC}") = "Day4Puzzel1", "Day4\Puzzel1\Day4Puzzel1.csproj", "{8720FF90-66D2-462F-BBDD-BF419FBA296D}"
EndProject
Project("{FAE04EC0-301F-11D3-BF4B-00C04F79EFBC}") = "Day4Puzzel2", "Day4\Day4Puzzel2\Day4Puzzel2.csproj", "{5EE0CED5-0D3E-410F-915C-6521904CBEDE}"
EndProject
Project("{FAE04EC0-301F-11D3-BF4B-00C04F79EFBC}") = "Day4Puzzel2", "Day4\Puzzel2\Day4Puzzel2.csproj", "{FCE41EE2-2F17-4B81-91F6-7A5E53B31118}"
EndProject
Global
	GlobalSection(SolutionConfigurationPlatforms) = preSolution
		Debug|Any CPU = Debug|Any CPU
		Release|Any CPU = Release|Any CPU
	EndGlobalSection
	GlobalSection(ProjectConfigurationPlatforms) = postSolution
		{42D46627-9678-4B09-9B86-2763B7A27EE3}.Debug|Any CPU.ActiveCfg = Debug|Any CPU
		{42D46627-9678-4B09-9B86-2763B7A27EE3}.Debug|Any CPU.Build.0 = Debug|Any CPU
		{42D46627-9678-4B09-9B86-2763B7A27EE3}.Release|Any CPU.ActiveCfg = Release|Any CPU
		{42D46627-9678-4B09-9B86-2763B7A27EE3}.Release|Any CPU.Build.0 = Release|Any CPU
		{466FC4CF-43C0-44D3-B53A-AD3A865A5112}.Debug|Any CPU.ActiveCfg = Debug|Any CPU
		{466FC4CF-43C0-44D3-B53A-AD3A865A5112}.Debug|Any CPU.Build.0 = Debug|Any CPU
		{466FC4CF-43C0-44D3-B53A-AD3A865A5112}.Release|Any CPU.ActiveCfg = Release|Any CPU
		{466FC4CF-43C0-44D3-B53A-AD3A865A5112}.Release|Any CPU.Build.0 = Release|Any CPU
		{4022B861-77BC-423F-93AB-2BC75399E30D}.Debug|Any CPU.ActiveCfg = Debug|Any CPU
		{4022B861-77BC-423F-93AB-2BC75399E30D}.Debug|Any CPU.Build.0 = Debug|Any CPU
		{4022B861-77BC-423F-93AB-2BC75399E30D}.Release|Any CPU.ActiveCfg = Release|Any CPU
		{4022B861-77BC-423F-93AB-2BC75399E30D}.Release|Any CPU.Build.0 = Release|Any CPU
		{78061D71-8768-4892-83FF-97FFDAE7C5E5}.Debug|Any CPU.ActiveCfg = Debug|Any CPU
		{78061D71-8768-4892-83FF-97FFDAE7C5E5}.Debug|Any CPU.Build.0 = Debug|Any CPU
		{78061D71-8768-4892-83FF-97FFDAE7C5E5}.Release|Any CPU.ActiveCfg = Release|Any CPU
		{78061D71-8768-4892-83FF-97FFDAE7C5E5}.Release|Any CPU.Build.0 = Release|Any CPU
		{F70691E7-EBB1-4A9C-B1D8-04F16136521C}.Debug|Any CPU.ActiveCfg = Debug|Any CPU
		{F70691E7-EBB1-4A9C-B1D8-04F16136521C}.Debug|Any CPU.Build.0 = Debug|Any CPU
		{F70691E7-EBB1-4A9C-B1D8-04F16136521C}.Release|Any CPU.ActiveCfg = Release|Any CPU
		{F70691E7-EBB1-4A9C-B1D8-04F16136521C}.Release|Any CPU.Build.0 = Release|Any CPU
		{8720FF90-66D2-462F-BBDD-BF419FBA296D}.Debug|Any CPU.ActiveCfg = Debug|Any CPU
		{8720FF90-66D2-462F-BBDD-BF419FBA296D}.Debug|Any CPU.Build.0 = Debug|Any CPU
		{8720FF90-66D2-462F-BBDD-BF419FBA296D}.Release|Any CPU.ActiveCfg = Release|Any CPU
		{8720FF90-66D2-462F-BBDD-BF419FBA296D}.Release|Any CPU.Build.0 = Release|Any CPU
		{5EE0CED5-0D3E-410F-915C-6521904CBEDE}.Debug|Any CPU.ActiveCfg = Debug|Any CPU
		{5EE0CED5-0D3E-410F-915C-6521904CBEDE}.Debug|Any CPU.Build.0 = Debug|Any CPU
		{5EE0CED5-0D3E-410F-915C-6521904CBEDE}.Release|Any CPU.ActiveCfg = Release|Any CPU
		{5EE0CED5-0D3E-410F-915C-6521904CBEDE}.Release|Any CPU.Build.0 = Release|Any CPU
		{FCE41EE2-2F17-4B81-91F6-7A5E53B31118}.Debug|Any CPU.ActiveCfg = Debug|Any CPU
		{FCE41EE2-2F17-4B81-91F6-7A5E53B31118}.Debug|Any CPU.Build.0 = Debug|Any CPU
		{FCE41EE2-2F17-4B81-91F6-7A5E53B31118}.Release|Any CPU.ActiveCfg = Release|Any CPU
		{FCE41EE2-2F17-4B81-91F6-7A5E53B31118}.Release|Any CPU.Build.0 = Release|Any CPU
	EndGlobalSection
	GlobalSection(SolutionProperties) = preSolution
		HideSolutionNode = FALSE
	EndGlobalSection
	GlobalSection(NestedProjects) = preSolution
		{42D46627-9678-4B09-9B86-2763B7A27EE3} = {607F1114-59D2-4828-925F-1E8F8B1D240A}
		{466FC4CF-43C0-44D3-B53A-AD3A865A5112} = {607F1114-59D2-4828-925F-1E8F8B1D240A}
		{4022B861-77BC-423F-93AB-2BC75399E30D} = {C31DDC31-4E9D-42B3-93BB-81D131C1DB3F}
		{78061D71-8768-4892-83FF-97FFDAE7C5E5} = {8D5CFBC5-BD2D-4D9A-83E4-D143207DC8C6}
		{F70691E7-EBB1-4A9C-B1D8-04F16136521C} = {8D5CFBC5-BD2D-4D9A-83E4-D143207DC8C6}
		{8720FF90-66D2-462F-BBDD-BF419FBA296D} = {0D599CC3-FE51-4659-9C43-38FDD999D05D}
		{5EE0CED5-0D3E-410F-915C-6521904CBEDE} = {0D599CC3-FE51-4659-9C43-38FDD999D05D}
		{FCE41EE2-2F17-4B81-91F6-7A5E53B31118} = {0D599CC3-FE51-4659-9C43-38FDD999D05D}
	EndGlobalSection
	GlobalSection(ExtensibilityGlobals) = postSolution
		SolutionGuid = {805B05C2-1CDC-4B17-B9DA-91754033D6D9}
	EndGlobalSection
EndGlobal
