
Microsoft Visual Studio Solution File, Format Version 12.00
# Visual Studio Version 17
VisualStudioVersion = 17.5.002.0
MinimumVisualStudioVersion = 10.0.40219.1
Project("{2150E333-8FDC-42A3-9474-1A3956D46DE8}") = "Day1", "Day1", "{607F1114-59D2-4828-925F-1E8F8B1D240A}"
EndProject
Project("{9A19103F-16F7-4668-BE54-9A1E7A4F7556}") = "Part1", "Day1\Part1\Part1.csproj", "{42D46627-9678-4B09-9B86-2763B7A27EE3}"
EndProject
Project("{9A19103F-16F7-4668-BE54-9A1E7A4F7556}") = "Part2", "Day1\Part2\Part2.csproj", "{466FC4CF-43C0-44D3-B53A-AD3A865A5112}"
EndProject
Project("{2150E333-8FDC-42A3-9474-1A3956D46DE8}") = "Day2", "Day2", "{C31DDC31-4E9D-42B3-93BB-81D131C1DB3F}"
EndProject
Project("{FAE04EC0-301F-11D3-BF4B-00C04F79EFBC}") = "Day2Part1", "Day2\Part1\Day2Part1.csproj", "{4022B861-77BC-423F-93AB-2BC75399E30D}"
EndProject
Project("{2150E333-8FDC-42A3-9474-1A3956D46DE8}") = "Day3", "Day3", "{8D5CFBC5-BD2D-4D9A-83E4-D143207DC8C6}"
EndProject
Project("{FAE04EC0-301F-11D3-BF4B-00C04F79EFBC}") = "Day3Part1", "Day3\Part1\Day3Part1.csproj", "{78061D71-8768-4892-83FF-97FFDAE7C5E5}"
EndProject
Project("{FAE04EC0-301F-11D3-BF4B-00C04F79EFBC}") = "Day3Part2", "Day3\Part2\Day3Part2.csproj", "{F70691E7-EBB1-4A9C-B1D8-04F16136521C}"
EndProject
Project("{2150E333-8FDC-42A3-9474-1A3956D46DE8}") = "Day4", "Day4", "{0D599CC3-FE51-4659-9C43-38FDD999D05D}"
EndProject
Project("{FAE04EC0-301F-11D3-BF4B-00C04F79EFBC}") = "Day4Part1", "Day4\Part1\Day4Part1.csproj", "{8720FF90-66D2-462F-BBDD-BF419FBA296D}"
EndProject
Project("{FAE04EC0-301F-11D3-BF4B-00C04F79EFBC}") = "Day4Part2", "Day4\Part2\Day4Part2.csproj", "{FCE41EE2-2F17-4B81-91F6-7A5E53B31118}"
EndProject
Project("{2150E333-8FDC-42A3-9474-1A3956D46DE8}") = "Day5", "Day5", "{55E8BAA9-AA7F-4BC1-9BF3-79E209D94796}"
EndProject
Project("{FAE04EC0-301F-11D3-BF4B-00C04F79EFBC}") = "Day5Part1", "Day5\Part1\Day5Part1.csproj", "{E563510F-8222-479E-94BA-0F9EEDC066EA}"
EndProject
Project("{FAE04EC0-301F-11D3-BF4B-00C04F79EFBC}") = "Day5Part2", "Day5\Part2\Day5Part2.csproj", "{9548D397-121C-4E22-944F-CB99A3C332C6}"
EndProject
Project("{2150E333-8FDC-42A3-9474-1A3956D46DE8}") = "Day6", "Day6", "{6957184C-8B5B-4665-A46C-860B7F7D144E}"
EndProject
Project("{FAE04EC0-301F-11D3-BF4B-00C04F79EFBC}") = "Day6Part1", "Day6\Part1\Day6Part1.csproj", "{719BF724-3B81-40CC-BDD4-899245205F76}"
EndProject
Project("{FAE04EC0-301F-11D3-BF4B-00C04F79EFBC}") = "Day6Part2", "Day6\Part2\Day6Part2.csproj", "{C1CA20CE-531E-4CA4-A534-2176ECCE321B}"
EndProject
Project("{2150E333-8FDC-42A3-9474-1A3956D46DE8}") = "Day7", "Day7", "{FCD727AB-DDE1-4635-A276-DD0B51B2CB25}"
EndProject
Project("{FAE04EC0-301F-11D3-BF4B-00C04F79EFBC}") = "Day7Part1", "Day7\Part1\Day7Part1.csproj", "{EED33DA2-9D3E-460B-BB7A-3F0E857B7FED}"
EndProject
Project("{2150E333-8FDC-42A3-9474-1A3956D46DE8}") = "Day8", "Day8", "{791C0D40-8585-4B02-933A-0D07F563CEC0}"
EndProject
Project("{FAE04EC0-301F-11D3-BF4B-00C04F79EFBC}") = "Day8Part1", "Day8\Part1\Day8Part1.csproj", "{1C425DDA-BA23-4F7D-967C-B51B53DA1FA5}"
EndProject
Project("{FAE04EC0-301F-11D3-BF4B-00C04F79EFBC}") = "Day8Part2", "Day8\Part2\Day8Part2.csproj", "{39C9E467-1A7C-4D7F-9BBE-2DD97F7DFA0F}"
EndProject
Project("{2150E333-8FDC-42A3-9474-1A3956D46DE8}") = "Day9", "Day9", "{D996508E-B8C7-44C1-9B27-7DCA51CF3C94}"
EndProject
Project("{FAE04EC0-301F-11D3-BF4B-00C04F79EFBC}") = "Day9Part1", "Day9\Part1\Day9Part1.csproj", "{5B7EE8B3-FD87-489B-A88E-921855C25577}"
EndProject
Project("{FAE04EC0-301F-11D3-BF4B-00C04F79EFBC}") = "Day9Part2", "Day9\Part2\Day9Part2.csproj", "{13C2AD6F-5ECD-40BB-AA2C-CDADB10898AA}"
EndProject
Project("{2150E333-8FDC-42A3-9474-1A3956D46DE8}") = "Day10", "Day10", "{73685E8A-9952-4FA9-8576-3C347966B166}"
EndProject
Project("{FAE04EC0-301F-11D3-BF4B-00C04F79EFBC}") = "Day10Part1", "Day10\Part1\Day10Part1.csproj", "{386E9645-E79D-48BC-B5F2-BE62FC2BA05C}"
EndProject
Project("{FAE04EC0-301F-11D3-BF4B-00C04F79EFBC}") = "Day10Part2", "Day10\Part2\Day10Part2.csproj", "{3884FE58-17E7-45A0-A41B-A2B0C2A359C4}"
EndProject
Project("{2150E333-8FDC-42A3-9474-1A3956D46DE8}") = "Day11", "Day11", "{C2559387-DF37-4811-82C3-279C6A97AA14}"
EndProject
Project("{FAE04EC0-301F-11D3-BF4B-00C04F79EFBC}") = "Day11Part1", "Day11\Part1\Day11Part1.csproj", "{773ACDC2-43C1-4940-9EEC-DDB9B39AC0E9}"
EndProject
Project("{FAE04EC0-301F-11D3-BF4B-00C04F79EFBC}") = "Day11Part2", "Day11\Part2\Day11Part2.csproj", "{70B8948E-D19E-4551-81EA-9771EF2D4503}"
EndProject
Project("{2150E333-8FDC-42A3-9474-1A3956D46DE8}") = "Day12", "Day12", "{8B5379B1-1568-4416-85D3-3AA8F9F82917}"
EndProject
Project("{FAE04EC0-301F-11D3-BF4B-00C04F79EFBC}") = "Day12Part1", "Day12\Part1\Day12Part1.csproj", "{A616A2D9-EDFB-4779-AE8F-84E8B7814485}"
EndProject
Global
	GlobalSection(SolutionConfigurationPlatforms) = preSolution
		Debug|Any CPU = Debug|Any CPU
		Release|Any CPU = Release|Any CPU
	EndGlobalSection
	GlobalSection(ProjectConfigurationPlatforms) = postSolution
		{42D46627-9678-4B09-9B86-2763B7A27EE3}.Debug|Any CPU.ActiveCfg = Debug|Any CPU
		{42D46627-9678-4B09-9B86-2763B7A27EE3}.Debug|Any CPU.Build.0 = Debug|Any CPU
		{42D46627-9678-4B09-9B86-2763B7A27EE3}.Release|Any CPU.ActiveCfg = Release|Any CPU
		{42D46627-9678-4B09-9B86-2763B7A27EE3}.Release|Any CPU.Build.0 = Release|Any CPU
		{466FC4CF-43C0-44D3-B53A-AD3A865A5112}.Debug|Any CPU.ActiveCfg = Debug|Any CPU
		{466FC4CF-43C0-44D3-B53A-AD3A865A5112}.Debug|Any CPU.Build.0 = Debug|Any CPU
		{466FC4CF-43C0-44D3-B53A-AD3A865A5112}.Release|Any CPU.ActiveCfg = Release|Any CPU
		{466FC4CF-43C0-44D3-B53A-AD3A865A5112}.Release|Any CPU.Build.0 = Release|Any CPU
		{4022B861-77BC-423F-93AB-2BC75399E30D}.Debug|Any CPU.ActiveCfg = Debug|Any CPU
		{4022B861-77BC-423F-93AB-2BC75399E30D}.Debug|Any CPU.Build.0 = Debug|Any CPU
		{4022B861-77BC-423F-93AB-2BC75399E30D}.Release|Any CPU.ActiveCfg = Release|Any CPU
		{4022B861-77BC-423F-93AB-2BC75399E30D}.Release|Any CPU.Build.0 = Release|Any CPU
		{78061D71-8768-4892-83FF-97FFDAE7C5E5}.Debug|Any CPU.ActiveCfg = Debug|Any CPU
		{78061D71-8768-4892-83FF-97FFDAE7C5E5}.Debug|Any CPU.Build.0 = Debug|Any CPU
		{78061D71-8768-4892-83FF-97FFDAE7C5E5}.Release|Any CPU.ActiveCfg = Release|Any CPU
		{78061D71-8768-4892-83FF-97FFDAE7C5E5}.Release|Any CPU.Build.0 = Release|Any CPU
		{F70691E7-EBB1-4A9C-B1D8-04F16136521C}.Debug|Any CPU.ActiveCfg = Debug|Any CPU
		{F70691E7-EBB1-4A9C-B1D8-04F16136521C}.Debug|Any CPU.Build.0 = Debug|Any CPU
		{F70691E7-EBB1-4A9C-B1D8-04F16136521C}.Release|Any CPU.ActiveCfg = Release|Any CPU
		{F70691E7-EBB1-4A9C-B1D8-04F16136521C}.Release|Any CPU.Build.0 = Release|Any CPU
		{8720FF90-66D2-462F-BBDD-BF419FBA296D}.Debug|Any CPU.ActiveCfg = Debug|Any CPU
		{8720FF90-66D2-462F-BBDD-BF419FBA296D}.Debug|Any CPU.Build.0 = Debug|Any CPU
		{8720FF90-66D2-462F-BBDD-BF419FBA296D}.Release|Any CPU.ActiveCfg = Release|Any CPU
		{8720FF90-66D2-462F-BBDD-BF419FBA296D}.Release|Any CPU.Build.0 = Release|Any CPU
		{5EE0CED5-0D3E-410F-915C-6521904CBEDE}.Debug|Any CPU.ActiveCfg = Debug|Any CPU
		{5EE0CED5-0D3E-410F-915C-6521904CBEDE}.Debug|Any CPU.Build.0 = Debug|Any CPU
		{5EE0CED5-0D3E-410F-915C-6521904CBEDE}.Release|Any CPU.ActiveCfg = Release|Any CPU
		{5EE0CED5-0D3E-410F-915C-6521904CBEDE}.Release|Any CPU.Build.0 = Release|Any CPU
		{FCE41EE2-2F17-4B81-91F6-7A5E53B31118}.Debug|Any CPU.ActiveCfg = Debug|Any CPU
		{FCE41EE2-2F17-4B81-91F6-7A5E53B31118}.Debug|Any CPU.Build.0 = Debug|Any CPU
		{FCE41EE2-2F17-4B81-91F6-7A5E53B31118}.Release|Any CPU.ActiveCfg = Release|Any CPU
		{FCE41EE2-2F17-4B81-91F6-7A5E53B31118}.Release|Any CPU.Build.0 = Release|Any CPU
		{E563510F-8222-479E-94BA-0F9EEDC066EA}.Debug|Any CPU.ActiveCfg = Debug|Any CPU
		{E563510F-8222-479E-94BA-0F9EEDC066EA}.Debug|Any CPU.Build.0 = Debug|Any CPU
		{E563510F-8222-479E-94BA-0F9EEDC066EA}.Release|Any CPU.ActiveCfg = Release|Any CPU
		{E563510F-8222-479E-94BA-0F9EEDC066EA}.Release|Any CPU.Build.0 = Release|Any CPU
		{9548D397-121C-4E22-944F-CB99A3C332C6}.Debug|Any CPU.ActiveCfg = Debug|Any CPU
		{9548D397-121C-4E22-944F-CB99A3C332C6}.Debug|Any CPU.Build.0 = Debug|Any CPU
		{9548D397-121C-4E22-944F-CB99A3C332C6}.Release|Any CPU.ActiveCfg = Release|Any CPU
		{9548D397-121C-4E22-944F-CB99A3C332C6}.Release|Any CPU.Build.0 = Release|Any CPU
		{719BF724-3B81-40CC-BDD4-899245205F76}.Debug|Any CPU.ActiveCfg = Debug|Any CPU
		{719BF724-3B81-40CC-BDD4-899245205F76}.Debug|Any CPU.Build.0 = Debug|Any CPU
		{719BF724-3B81-40CC-BDD4-899245205F76}.Release|Any CPU.ActiveCfg = Release|Any CPU
		{719BF724-3B81-40CC-BDD4-899245205F76}.Release|Any CPU.Build.0 = Release|Any CPU
		{C1CA20CE-531E-4CA4-A534-2176ECCE321B}.Debug|Any CPU.ActiveCfg = Debug|Any CPU
		{C1CA20CE-531E-4CA4-A534-2176ECCE321B}.Debug|Any CPU.Build.0 = Debug|Any CPU
		{C1CA20CE-531E-4CA4-A534-2176ECCE321B}.Release|Any CPU.ActiveCfg = Release|Any CPU
		{C1CA20CE-531E-4CA4-A534-2176ECCE321B}.Release|Any CPU.Build.0 = Release|Any CPU
		{73C7D192-13FB-46DC-8EA5-F67784EE584D}.Debug|Any CPU.ActiveCfg = Debug|Any CPU
		{73C7D192-13FB-46DC-8EA5-F67784EE584D}.Debug|Any CPU.Build.0 = Debug|Any CPU
		{73C7D192-13FB-46DC-8EA5-F67784EE584D}.Release|Any CPU.ActiveCfg = Release|Any CPU
		{73C7D192-13FB-46DC-8EA5-F67784EE584D}.Release|Any CPU.Build.0 = Release|Any CPU
		{EED33DA2-9D3E-460B-BB7A-3F0E857B7FED}.Debug|Any CPU.ActiveCfg = Debug|Any CPU
		{EED33DA2-9D3E-460B-BB7A-3F0E857B7FED}.Debug|Any CPU.Build.0 = Debug|Any CPU
		{EED33DA2-9D3E-460B-BB7A-3F0E857B7FED}.Release|Any CPU.ActiveCfg = Release|Any CPU
		{EED33DA2-9D3E-460B-BB7A-3F0E857B7FED}.Release|Any CPU.Build.0 = Release|Any CPU
		{415A0C79-F49A-4463-A7E5-2272D0FAB8FD}.Debug|Any CPU.ActiveCfg = Debug|Any CPU
		{415A0C79-F49A-4463-A7E5-2272D0FAB8FD}.Debug|Any CPU.Build.0 = Debug|Any CPU
		{415A0C79-F49A-4463-A7E5-2272D0FAB8FD}.Release|Any CPU.ActiveCfg = Release|Any CPU
		{415A0C79-F49A-4463-A7E5-2272D0FAB8FD}.Release|Any CPU.Build.0 = Release|Any CPU
		{1C425DDA-BA23-4F7D-967C-B51B53DA1FA5}.Debug|Any CPU.ActiveCfg = Debug|Any CPU
		{1C425DDA-BA23-4F7D-967C-B51B53DA1FA5}.Debug|Any CPU.Build.0 = Debug|Any CPU
		{1C425DDA-BA23-4F7D-967C-B51B53DA1FA5}.Release|Any CPU.ActiveCfg = Release|Any CPU
		{1C425DDA-BA23-4F7D-967C-B51B53DA1FA5}.Release|Any CPU.Build.0 = Release|Any CPU
		{39C9E467-1A7C-4D7F-9BBE-2DD97F7DFA0F}.Debug|Any CPU.ActiveCfg = Debug|Any CPU
		{39C9E467-1A7C-4D7F-9BBE-2DD97F7DFA0F}.Debug|Any CPU.Build.0 = Debug|Any CPU
		{39C9E467-1A7C-4D7F-9BBE-2DD97F7DFA0F}.Release|Any CPU.ActiveCfg = Release|Any CPU
		{39C9E467-1A7C-4D7F-9BBE-2DD97F7DFA0F}.Release|Any CPU.Build.0 = Release|Any CPU
		{5B7EE8B3-FD87-489B-A88E-921855C25577}.Debug|Any CPU.ActiveCfg = Debug|Any CPU
		{5B7EE8B3-FD87-489B-A88E-921855C25577}.Debug|Any CPU.Build.0 = Debug|Any CPU
		{5B7EE8B3-FD87-489B-A88E-921855C25577}.Release|Any CPU.ActiveCfg = Release|Any CPU
		{5B7EE8B3-FD87-489B-A88E-921855C25577}.Release|Any CPU.Build.0 = Release|Any CPU
		{13C2AD6F-5ECD-40BB-AA2C-CDADB10898AA}.Debug|Any CPU.ActiveCfg = Debug|Any CPU
		{13C2AD6F-5ECD-40BB-AA2C-CDADB10898AA}.Debug|Any CPU.Build.0 = Debug|Any CPU
		{13C2AD6F-5ECD-40BB-AA2C-CDADB10898AA}.Release|Any CPU.ActiveCfg = Release|Any CPU
		{13C2AD6F-5ECD-40BB-AA2C-CDADB10898AA}.Release|Any CPU.Build.0 = Release|Any CPU
		{386E9645-E79D-48BC-B5F2-BE62FC2BA05C}.Debug|Any CPU.ActiveCfg = Debug|Any CPU
		{386E9645-E79D-48BC-B5F2-BE62FC2BA05C}.Debug|Any CPU.Build.0 = Debug|Any CPU
		{386E9645-E79D-48BC-B5F2-BE62FC2BA05C}.Release|Any CPU.ActiveCfg = Release|Any CPU
		{386E9645-E79D-48BC-B5F2-BE62FC2BA05C}.Release|Any CPU.Build.0 = Release|Any CPU
		{3884FE58-17E7-45A0-A41B-A2B0C2A359C4}.Debug|Any CPU.ActiveCfg = Debug|Any CPU
		{3884FE58-17E7-45A0-A41B-A2B0C2A359C4}.Debug|Any CPU.Build.0 = Debug|Any CPU
		{3884FE58-17E7-45A0-A41B-A2B0C2A359C4}.Release|Any CPU.ActiveCfg = Release|Any CPU
		{3884FE58-17E7-45A0-A41B-A2B0C2A359C4}.Release|Any CPU.Build.0 = Release|Any CPU
		{773ACDC2-43C1-4940-9EEC-DDB9B39AC0E9}.Debug|Any CPU.ActiveCfg = Debug|Any CPU
		{773ACDC2-43C1-4940-9EEC-DDB9B39AC0E9}.Debug|Any CPU.Build.0 = Debug|Any CPU
		{773ACDC2-43C1-4940-9EEC-DDB9B39AC0E9}.Release|Any CPU.ActiveCfg = Release|Any CPU
		{773ACDC2-43C1-4940-9EEC-DDB9B39AC0E9}.Release|Any CPU.Build.0 = Release|Any CPU
		{70B8948E-D19E-4551-81EA-9771EF2D4503}.Debug|Any CPU.ActiveCfg = Debug|Any CPU
		{70B8948E-D19E-4551-81EA-9771EF2D4503}.Debug|Any CPU.Build.0 = Debug|Any CPU
		{70B8948E-D19E-4551-81EA-9771EF2D4503}.Release|Any CPU.ActiveCfg = Release|Any CPU
		{70B8948E-D19E-4551-81EA-9771EF2D4503}.Release|Any CPU.Build.0 = Release|Any CPU
		{A616A2D9-EDFB-4779-AE8F-84E8B7814485}.Debug|Any CPU.ActiveCfg = Debug|Any CPU
		{A616A2D9-EDFB-4779-AE8F-84E8B7814485}.Debug|Any CPU.Build.0 = Debug|Any CPU
		{A616A2D9-EDFB-4779-AE8F-84E8B7814485}.Release|Any CPU.ActiveCfg = Release|Any CPU
		{A616A2D9-EDFB-4779-AE8F-84E8B7814485}.Release|Any CPU.Build.0 = Release|Any CPU
	EndGlobalSection
	GlobalSection(SolutionProperties) = preSolution
		HideSolutionNode = FALSE
	EndGlobalSection
	GlobalSection(NestedProjects) = preSolution
		{42D46627-9678-4B09-9B86-2763B7A27EE3} = {607F1114-59D2-4828-925F-1E8F8B1D240A}
		{466FC4CF-43C0-44D3-B53A-AD3A865A5112} = {607F1114-59D2-4828-925F-1E8F8B1D240A}
		{4022B861-77BC-423F-93AB-2BC75399E30D} = {C31DDC31-4E9D-42B3-93BB-81D131C1DB3F}
		{78061D71-8768-4892-83FF-97FFDAE7C5E5} = {8D5CFBC5-BD2D-4D9A-83E4-D143207DC8C6}
		{F70691E7-EBB1-4A9C-B1D8-04F16136521C} = {8D5CFBC5-BD2D-4D9A-83E4-D143207DC8C6}
		{8720FF90-66D2-462F-BBDD-BF419FBA296D} = {0D599CC3-FE51-4659-9C43-38FDD999D05D}
		{5EE0CED5-0D3E-410F-915C-6521904CBEDE} = {0D599CC3-FE51-4659-9C43-38FDD999D05D}
		{FCE41EE2-2F17-4B81-91F6-7A5E53B31118} = {0D599CC3-FE51-4659-9C43-38FDD999D05D}
		{E563510F-8222-479E-94BA-0F9EEDC066EA} = {55E8BAA9-AA7F-4BC1-9BF3-79E209D94796}
		{9548D397-121C-4E22-944F-CB99A3C332C6} = {55E8BAA9-AA7F-4BC1-9BF3-79E209D94796}
		{719BF724-3B81-40CC-BDD4-899245205F76} = {6957184C-8B5B-4665-A46C-860B7F7D144E}
		{C1CA20CE-531E-4CA4-A534-2176ECCE321B} = {6957184C-8B5B-4665-A46C-860B7F7D144E}
		{73C7D192-13FB-46DC-8EA5-F67784EE584D} = {FCD727AB-DDE1-4635-A276-DD0B51B2CB25}
		{EED33DA2-9D3E-460B-BB7A-3F0E857B7FED} = {FCD727AB-DDE1-4635-A276-DD0B51B2CB25}
		{415A0C79-F49A-4463-A7E5-2272D0FAB8FD} = {791C0D40-8585-4B02-933A-0D07F563CEC0}
		{1C425DDA-BA23-4F7D-967C-B51B53DA1FA5} = {791C0D40-8585-4B02-933A-0D07F563CEC0}
		{39C9E467-1A7C-4D7F-9BBE-2DD97F7DFA0F} = {791C0D40-8585-4B02-933A-0D07F563CEC0}
		{5B7EE8B3-FD87-489B-A88E-921855C25577} = {D996508E-B8C7-44C1-9B27-7DCA51CF3C94}
		{13C2AD6F-5ECD-40BB-AA2C-CDADB10898AA} = {D996508E-B8C7-44C1-9B27-7DCA51CF3C94}
		{386E9645-E79D-48BC-B5F2-BE62FC2BA05C} = {73685E8A-9952-4FA9-8576-3C347966B166}
		{3884FE58-17E7-45A0-A41B-A2B0C2A359C4} = {73685E8A-9952-4FA9-8576-3C347966B166}
		{773ACDC2-43C1-4940-9EEC-DDB9B39AC0E9} = {C2559387-DF37-4811-82C3-279C6A97AA14}
		{70B8948E-D19E-4551-81EA-9771EF2D4503} = {C2559387-DF37-4811-82C3-279C6A97AA14}
		{A616A2D9-EDFB-4779-AE8F-84E8B7814485} = {8B5379B1-1568-4416-85D3-3AA8F9F82917}
	EndGlobalSection
	GlobalSection(ExtensibilityGlobals) = postSolution
		SolutionGuid = {805B05C2-1CDC-4B17-B9DA-91754033D6D9}
	EndGlobalSection
EndGlobal
